(lockfile
  (version 2)
  (root-checksum
    "02daa83d7491e679ce3ab570413c42521203fccffb86e64e9386c9a72508ca34")
  (git (name (args))
       (raw? #f)
       (url "https://github.com/playx18/scm-args")
       (rev #f)
       (checksum
         "2cc433b62d60679822480c6fa388a66ffe9651dd")
       (subpath #f)
       (source
         "args-2cc433b62d60679822480c6fa388a66ffe9651dd")))

