(lockfile
  (version 2)
  (root-checksum
    "f48f75f0038236e88a3fd2a660b855e23887f308f9429ef9935ccd09a1dbd5dc")
  (git (name (args))
       (raw? #f)
       (url "https://github.com/playx18/scm-args")
       (rev #f)
       (checksum
         "7f39fc84ff737ccace23501f40c8a443aaa0c473")
       (subpath #f)
       (source
         "args-7f39fc84ff737ccace23501f40c8a443aaa0c473")))

